<?xml version="1.0" encoding="UTF-8" standalone="yes" ?>
<CodeBlocks_project_file>
	<FileVersion major="1" minor="6" />
	<Project>
		<Option title="Canasta" />
		<Option pch_mode="2" />
		<Option compiler="gcc" />
		<Build>
			<Target title="Debug">
				<Option output="bin/Debug/Canasta" prefix_auto="1" extension_auto="1" />
				<Option object_output="obj/Debug/" />
				<Option type="1" />
				<Option compiler="gcc" />
				<Compiler>
					<Add option="-g" />
				</Compiler>
			</Target>
			<Target title="Release">
				<Option output="bin/Release/Canasta" prefix_auto="1" extension_auto="1" />
				<Option object_output="obj/Release/" />
				<Option type="1" />
				<Option compiler="gcc" />
				<Compiler>
					<Add option="-O2" />
				</Compiler>
				<Linker>
					<Add option="-s" />
				</Linker>
			</Target>
		</Build>
		<Compiler>
			<Add option="-Wall" />
			<Add option="-fexceptions" />
			<Add directory="include" />
		</Compiler>
		<Unit filename="include/Game.h" />
		<Unit filename="include/Includes.h" />
		<Unit filename="include/Parser.h" />
		<Unit filename="include/Player.h" />
		<Unit filename="include/TCPAcceptor.h" />
		<Unit filename="include/TCPConnector.h" />
		<Unit filename="include/TCPStream.h" />
		<Unit filename="server.cpp" />
		<Unit filename="src/Game.cpp" />
		<Unit filename="src/Parser.cpp" />
		<Unit filename="src/Player.cpp" />
		<Unit filename="src/TCPAcceptor.cpp" />
		<Unit filename="src/TCPConnector.cpp" />
		<Unit filename="src/TCPStream.cpp" />
		<Extensions>
			<code_completion />
			<debugger />
			<envvars />
		</Extensions>
	</Project>
</CodeBlocks_project_file>
